
Microsoft Visual Studio Solution File, Format Version 12.00
# Visual Studio 15
VisualStudioVersion = 15.0.27703.2035
MinimumVisualStudioVersion = 10.0.40219.1
Project("{2150E333-8FDC-42A3-9474-1A3956D46DE8}") = "ReadMe", "ReadMe", "{2CA4CEAF-B789-4E20-B82B-E5C829978B06}"
	ProjectSection(SolutionItems) = preProject
		CODE_STYLE.md = CODE_STYLE.md
		LICENSE.md = LICENSE.md
		PROJECT_STRUCTURE.md = PROJECT_STRUCTURE.md
		README.md = README.md
	EndProjectSection
EndProject
Project("{8BC9CEB8-8B4A-11D0-8D11-00A0C91BC942}") = "Common", "Engine\Common\Common.vcxproj", "{7B183D47-18B9-43B2-A5AF-4DCF88352B27}"
EndProject
Global
	GlobalSection(SolutionConfigurationPlatforms) = preSolution
		Debug|x64 = Debug|x64
		Debug|x86 = Debug|x86
		Release|x64 = Release|x64
		Release|x86 = Release|x86
	EndGlobalSection
	GlobalSection(ProjectConfigurationPlatforms) = postSolution
		{7B183D47-18B9-43B2-A5AF-4DCF88352B27}.Debug|x64.ActiveCfg = Debug|x64
		{7B183D47-18B9-43B2-A5AF-4DCF88352B27}.Debug|x64.Build.0 = Debug|x64
		{7B183D47-18B9-43B2-A5AF-4DCF88352B27}.Debug|x86.ActiveCfg = Debug|Win32
		{7B183D47-18B9-43B2-A5AF-4DCF88352B27}.Debug|x86.Build.0 = Debug|Win32
		{7B183D47-18B9-43B2-A5AF-4DCF88352B27}.Release|x64.ActiveCfg = Release|x64
		{7B183D47-18B9-43B2-A5AF-4DCF88352B27}.Release|x64.Build.0 = Release|x64
		{7B183D47-18B9-43B2-A5AF-4DCF88352B27}.Release|x86.ActiveCfg = Release|Win32
		{7B183D47-18B9-43B2-A5AF-4DCF88352B27}.Release|x86.Build.0 = Release|Win32
	EndGlobalSection
	GlobalSection(SolutionProperties) = preSolution
		HideSolutionNode = FALSE
	EndGlobalSection
	GlobalSection(ExtensibilityGlobals) = postSolution
		SolutionGuid = {AF8EE8A0-D648-4263-93FE-95289DBC8669}
	EndGlobalSection
EndGlobal
